
Microsoft Visual Studio Solution File, Format Version 12.00
# Visual Studio 15
VisualStudioVersion = 15.0.27428.2015
MinimumVisualStudioVersion = 10.0.40219.1
Project("{888888A0-9F3D-457C-B088-3A5042F75D52}") = "WeatherLCD", "WeatherLCD\WeatherLCD.pyproj", "{BDF04D4E-8282-4BB5-9622-01B7120712C8}"
EndProject
Global
	GlobalSection(SolutionConfigurationPlatforms) = preSolution
		Debug|Any CPU = Debug|Any CPU
		Release|Any CPU = Release|Any CPU
	EndGlobalSection
	GlobalSection(ProjectConfigurationPlatforms) = postSolution
		{BDF04D4E-8282-4BB5-9622-01B7120712C8}.Debug|Any CPU.ActiveCfg = Debug|Any CPU
		{BDF04D4E-8282-4BB5-9622-01B7120712C8}.Release|Any CPU.ActiveCfg = Release|Any CPU
	EndGlobalSection
	GlobalSection(SolutionProperties) = preSolution
		HideSolutionNode = FALSE
	EndGlobalSection
	GlobalSection(ExtensibilityGlobals) = postSolution
		SolutionGuid = {A90B7BDF-65B1-4500-9FB1-D760F2153980}
	EndGlobalSection
EndGlobal
